
Microsoft Visual Studio Solution File, Format Version 12.00
# Visual Studio Version 17
VisualStudioVersion = 17.4.33205.214
MinimumVisualStudioVersion = 10.0.40219.1
Project("{E24C65DC-7377-472B-9ABA-BC803B73C61A}") = "Hospital_management_System", "..\..\..\..\..\Hospital_management_System\Hospital_management_System\", "{BE49DCF6-1187-4370-8CDD-8D62A67E0D17}"
	ProjectSection(WebsiteProperties) = preProject
		TargetFrameworkMoniker = ".NETFramework,Version%3Dv3.5"
		Debug.AspNetCompiler.VirtualPath = "/localhost_55116"
		Debug.AspNetCompiler.PhysicalPath = "..\..\..\..\..\Hospital_management_System\Hospital_management_System\"
		Debug.AspNetCompiler.TargetPath = "PrecompiledWeb\localhost_55116\"
		Debug.AspNetCompiler.Updateable = "true"
		Debug.AspNetCompiler.ForceOverwrite = "true"
		Debug.AspNetCompiler.FixedNames = "false"
		Debug.AspNetCompiler.Debug = "True"
		Release.AspNetCompiler.VirtualPath = "/localhost_55116"
		Release.AspNetCompiler.PhysicalPath = "..\..\..\..\..\Hospital_management_System\Hospital_management_System\"
		Release.AspNetCompiler.TargetPath = "PrecompiledWeb\localhost_55116\"
		Release.AspNetCompiler.Updateable = "true"
		Release.AspNetCompiler.ForceOverwrite = "true"
		Release.AspNetCompiler.FixedNames = "false"
		Release.AspNetCompiler.Debug = "False"
		VWDPort = "55116"
	EndProjectSection
EndProject
Global
	GlobalSection(SolutionConfigurationPlatforms) = preSolution
		Debug|Any CPU = Debug|Any CPU
	EndGlobalSection
	GlobalSection(ProjectConfigurationPlatforms) = postSolution
		{BE49DCF6-1187-4370-8CDD-8D62A67E0D17}.Debug|Any CPU.ActiveCfg = Debug|Any CPU
		{BE49DCF6-1187-4370-8CDD-8D62A67E0D17}.Debug|Any CPU.Build.0 = Debug|Any CPU
	EndGlobalSection
	GlobalSection(SolutionProperties) = preSolution
		HideSolutionNode = FALSE
	EndGlobalSection
	GlobalSection(ExtensibilityGlobals) = postSolution
		SolutionGuid = {312D53A1-A98D-485C-ACA4-235784DE9ABB}
	EndGlobalSection
EndGlobal
